{
    "name": "cdg-glasgow-2017-team-8",
    "version": "1.0.0",
    "lockfileVersion": 1,
    "requires": true,
    "dependencies": {
        "aylien_textapi": {
            "version": "0.6.0",
            "resolved": "https://registry.npmjs.org/aylien_textapi/-/aylien_textapi-0.6.0.tgz",
            "integrity": "sha1-2fCEIsmZEz5R9XBJjlRuxg8ph/0="
        },
        "jquery": {
            "version": "3.2.1",
            "resolved": "https://registry.npmjs.org/jquery/-/jquery-3.2.1.tgz",
            "integrity": "sha1-XE2d5lKvbNCncBVKYxu6ErAVx4c="
        }
    }
}
