{
    "name": "cdg-glasgow-2017-team-8",
    "version": "1.0.0",
    "lockfileVersion": 1,
    "requires": true,
    "dependencies": {
        "jquery": {
            "version": "3.2.1",
            "resolved": "https://registry.npmjs.org/jquery/-/jquery-3.2.1.tgz",
            "integrity": "sha1-XE2d5lKvbNCncBVKYxu6ErAVx4c="
        },
        "jquery.hotkeys": {
            "version": "git+https://github.com/jeresig/jquery.hotkeys.git#f24f1da275aab7881ab501055c256add6f690de4"
        },
        "porter-stemmer": {
            "version": "0.9.1",
            "resolved": "https://registry.npmjs.org/porter-stemmer/-/porter-stemmer-0.9.1.tgz",
            "integrity": "sha1-oW7Oo6vkRySsiMFIACHqNrqiH5s="
        },
        "sum": {
            "version": "0.1.4",
            "resolved": "https://registry.npmjs.org/sum/-/sum-0.1.4.tgz",
            "integrity": "sha1-vn3bcaDV5zi4a/XCphs11a4WLH4=",
            "requires": {
                "porter-stemmer": "0.9.1",
                "underscore": "1.7.0",
                "underscore.string": "3.0.3"
            }
        },
        "underscore": {
            "version": "1.7.0",
            "resolved": "https://registry.npmjs.org/underscore/-/underscore-1.7.0.tgz",
            "integrity": "sha1-a7rwh3UA02vjTsqlhODbn+8DUgk="
        },
        "underscore.string": {
            "version": "3.0.3",
            "resolved": "https://registry.npmjs.org/underscore.string/-/underscore.string-3.0.3.tgz",
            "integrity": "sha1-Rhe4waJQz25QZPu7Nj0PqWzxRVI="
        }
    }
}
